{
  "name": "elix-demos",
  "requires": true,
  "lockfileVersion": 1,
  "dependencies": {
    "@webcomponents/webcomponentsjs": {
      "version": "2.2.1",
      "resolved": "https://registry.npmjs.org/@webcomponents/webcomponentsjs/-/webcomponentsjs-2.2.1.tgz",
      "integrity": "sha512-lZZ+Lkke6JhsJcQQqSVk1Pny6/8y4qhJ98LO7a/MwBSRO8WqHqK1X2vscfeL8vOnYGFnmBUyVG95lwYv/AXyLQ=="
    }
  }
}
