{
  "name": "elix-demos",
  "requires": true,
  "lockfileVersion": 1,
  "dependencies": {
    "@webcomponents/webcomponentsjs": {
      "version": "2.2.4",
      "resolved": "https://registry.npmjs.org/@webcomponents/webcomponentsjs/-/webcomponentsjs-2.2.4.tgz",
      "integrity": "sha512-YkLxK9Mbw6QK5bNZ67Rarb/yj0gN+Ziy5+2sLjM0lDb3XafM36gXKZXaIBz4zvLA/cYYTdg+l1LlqXeHEcmeiA=="
    }
  }
}
