# THIS IS AN AUTOGENERATED FILE. DO NOT EDIT THIS FILE DIRECTLY.
# yarn lockfile v1
custom-elements@webcomponents/custom-elements#master:
  version "1.0.0-alpha.3"
  resolved "https://codeload.github.com/webcomponents/custom-elements/tar.gz/36451e1dbe4e3b77d98499fc12132573d91d4a8b"

webcomponentsjs@webcomponents/webcomponentsjs#1.0.0-rc.5:
  version "0.7.24"
  resolved "https://codeload.github.com/webcomponents/webcomponentsjs/tar.gz/8c9be5dcc1a70fc4777e6d04204b375d5eda7e30"

